<?xml version="1.0" encoding="utf-8"?>
<Project ToolsVersion="4.0" xmlns="http://schemas.microsoft.com/developer/msbuild/2003">
  <ItemGroup>
    <Filter Include="源文件">
      <UniqueIdentifier>{4FC737F1-C7A5-4376-A066-2A32D752A2FF}</UniqueIdentifier>
      <Extensions>cpp;c;cc;cxx;c++;cppm;ixx;def;odl;idl;hpj;bat;asm;asmx</Extensions>
    </Filter>
    <Filter Include="头文件">
      <UniqueIdentifier>{93995380-89BD-4b04-88EB-625FBE52EBFB}</UniqueIdentifier>
      <Extensions>h;hh;hpp;hxx;h++;hm;inl;inc;ipp;xsd</Extensions>
    </Filter>
    <Filter Include="资源文件">
      <UniqueIdentifier>{67DA6AB6-F800-4c08-8B7A-83BB121AAD01}</UniqueIdentifier>
      <Extensions>rc;ico;cur;bmp;dlg;rc2;rct;bin;rgs;gif;jpg;jpeg;jpe;resx;tiff;tif;png;wav;mfcribbon-ms</Extensions>
    </Filter>
    <Filter Include="源文件\Module">
      <UniqueIdentifier>{9e8194d5-5d33-4f12-9550-27451d31f92f}</UniqueIdentifier>
    </Filter>
    <Filter Include="源文件\Common">
      <UniqueIdentifier>{e4e2ac3c-d9e9-415c-8fa9-5cb5223ea215}</UniqueIdentifier>
    </Filter>
    <Filter Include="源文件\FileSystem">
      <UniqueIdentifier>{1bcd9730-827f-47ad-aa7b-de31f0054946}</UniqueIdentifier>
    </Filter>
    <Filter Include="头文件\Module">
      <UniqueIdentifier>{5eea3f34-b0c3-4658-820f-9c9247ed1df4}</UniqueIdentifier>
    </Filter>
    <Filter Include="头文件\Common">
      <UniqueIdentifier>{ff13dc82-a31a-499c-b1bd-5f5cedfc871d}</UniqueIdentifier>
    </Filter>
    <Filter Include="头文件\FileSystem">
      <UniqueIdentifier>{d26aa7aa-2862-4b71-bebb-b97b0316fa4b}</UniqueIdentifier>
    </Filter>
    <Filter Include="源文件\Manage">
      <UniqueIdentifier>{b8620599-646f-4b59-b215-c7c58e4f60d1}</UniqueIdentifier>
    </Filter>
    <Filter Include="头文件\Manage">
      <UniqueIdentifier>{dc816126-4995-48fe-8047-0b01a3c582fb}</UniqueIdentifier>
    </Filter>
    <Filter Include="源文件\Study">
      <UniqueIdentifier>{b0a144c8-dd47-46c5-aa1f-fb0638b7916e}</UniqueIdentifier>
    </Filter>
  </ItemGroup>
  <ItemGroup>
    <ClCompile Include="main.cpp">
      <Filter>源文件</Filter>
    </ClCompile>
    <ClCompile Include="MyVector.cpp">
      <Filter>源文件\Study</Filter>
    </ClCompile>
    <ClCompile Include="Mypointer.cpp">
      <Filter>源文件\Study</Filter>
    </ClCompile>
  </ItemGroup>
</Project>